
Microsoft Visual Studio Solution File, Format Version 12.00
# Visual Studio Version 17
VisualStudioVersion = 17.7.34024.191
MinimumVisualStudioVersion = 10.0.40219.1
Project("{FAE04EC0-301F-11D3-BF4B-00C04F79EFBC}") = "Circle Objects", "Circle Objects.csproj", "{C8263708-046E-4B26-930E-7CEE08AAEBBC}"
EndProject
Global
	GlobalSection(SolutionConfigurationPlatforms) = preSolution
		Debug|Any CPU = Debug|Any CPU
		Release|Any CPU = Release|Any CPU
	EndGlobalSection
	GlobalSection(ProjectConfigurationPlatforms) = postSolution
		{C8263708-046E-4B26-930E-7CEE08AAEBBC}.Debug|Any CPU.ActiveCfg = Debug|Any CPU
		{C8263708-046E-4B26-930E-7CEE08AAEBBC}.Debug|Any CPU.Build.0 = Debug|Any CPU
		{C8263708-046E-4B26-930E-7CEE08AAEBBC}.Release|Any CPU.ActiveCfg = Release|Any CPU
		{C8263708-046E-4B26-930E-7CEE08AAEBBC}.Release|Any CPU.Build.0 = Release|Any CPU
	EndGlobalSection
	GlobalSection(SolutionProperties) = preSolution
		HideSolutionNode = FALSE
	EndGlobalSection
	GlobalSection(ExtensibilityGlobals) = postSolution
		SolutionGuid = {0CDAAD33-850B-4779-B216-267BDE58109E}
	EndGlobalSection
EndGlobal
